
Microsoft Visual Studio Solution File, Format Version 12.00
# Visual Studio Version 16
VisualStudioVersion = 16.0.30907.101
MinimumVisualStudioVersion = 10.0.40219.1
Project("{8BC9CEB8-8B4A-11D0-8D11-00A0C91BC942}") = "ROV", "ROV\ROV.vcxproj", "{18863AC3-4DD8-46E6-8D28-AFDE6D14A871}"
	ProjectSection(ProjectDependencies) = postProject
		{DA19D96E-89DB-4D9C-BC12-3557D993F33B} = {DA19D96E-89DB-4D9C-BC12-3557D993F33B}
		{F5EB1A9A-289F-459E-8308-8E1851F04A3E} = {F5EB1A9A-289F-459E-8308-8E1851F04A3E}
	EndProjectSection
EndProject
Project("{8BC9CEB8-8B4A-11D0-8D11-00A0C91BC942}") = "Server", "Server\Server.vcxproj", "{F5EB1A9A-289F-459E-8308-8E1851F04A3E}"
EndProject
Project("{8BC9CEB8-8B4A-11D0-8D11-00A0C91BC942}") = "Sensors", "Sensors\Sensors.vcxproj", "{DA19D96E-89DB-4D9C-BC12-3557D993F33B}"
	ProjectSection(ProjectDependencies) = postProject
		{6420D5D6-1537-4F15-B5A4-AE3BFF140FFE} = {6420D5D6-1537-4F15-B5A4-AE3BFF140FFE}
	EndProjectSection
EndProject
Project("{8BC9CEB8-8B4A-11D0-8D11-00A0C91BC942}") = "Services", "Services\Services.vcxproj", "{6420D5D6-1537-4F15-B5A4-AE3BFF140FFE}"
EndProject
Global
	GlobalSection(SolutionConfigurationPlatforms) = preSolution
		Debug|ARM = Debug|ARM
		Debug|ARM64 = Debug|ARM64
		Debug|x64 = Debug|x64
		Debug|x86 = Debug|x86
		Release|ARM = Release|ARM
		Release|ARM64 = Release|ARM64
		Release|x64 = Release|x64
		Release|x86 = Release|x86
	EndGlobalSection
	GlobalSection(ProjectConfigurationPlatforms) = postSolution
		{18863AC3-4DD8-46E6-8D28-AFDE6D14A871}.Debug|ARM.ActiveCfg = Debug|ARM
		{18863AC3-4DD8-46E6-8D28-AFDE6D14A871}.Debug|ARM.Build.0 = Debug|ARM
		{18863AC3-4DD8-46E6-8D28-AFDE6D14A871}.Debug|ARM.Deploy.0 = Debug|ARM
		{18863AC3-4DD8-46E6-8D28-AFDE6D14A871}.Debug|ARM64.ActiveCfg = Debug|ARM64
		{18863AC3-4DD8-46E6-8D28-AFDE6D14A871}.Debug|ARM64.Build.0 = Debug|ARM64
		{18863AC3-4DD8-46E6-8D28-AFDE6D14A871}.Debug|ARM64.Deploy.0 = Debug|ARM64
		{18863AC3-4DD8-46E6-8D28-AFDE6D14A871}.Debug|x64.ActiveCfg = Debug|x64
		{18863AC3-4DD8-46E6-8D28-AFDE6D14A871}.Debug|x64.Build.0 = Debug|x64
		{18863AC3-4DD8-46E6-8D28-AFDE6D14A871}.Debug|x64.Deploy.0 = Debug|x64
		{18863AC3-4DD8-46E6-8D28-AFDE6D14A871}.Debug|x86.ActiveCfg = Debug|x86
		{18863AC3-4DD8-46E6-8D28-AFDE6D14A871}.Debug|x86.Build.0 = Debug|x86
		{18863AC3-4DD8-46E6-8D28-AFDE6D14A871}.Debug|x86.Deploy.0 = Debug|x86
		{18863AC3-4DD8-46E6-8D28-AFDE6D14A871}.Release|ARM.ActiveCfg = Release|ARM
		{18863AC3-4DD8-46E6-8D28-AFDE6D14A871}.Release|ARM.Build.0 = Release|ARM
		{18863AC3-4DD8-46E6-8D28-AFDE6D14A871}.Release|ARM.Deploy.0 = Release|ARM
		{18863AC3-4DD8-46E6-8D28-AFDE6D14A871}.Release|ARM64.ActiveCfg = Release|ARM64
		{18863AC3-4DD8-46E6-8D28-AFDE6D14A871}.Release|ARM64.Build.0 = Release|ARM64
		{18863AC3-4DD8-46E6-8D28-AFDE6D14A871}.Release|ARM64.Deploy.0 = Release|ARM64
		{18863AC3-4DD8-46E6-8D28-AFDE6D14A871}.Release|x64.ActiveCfg = Release|x64
		{18863AC3-4DD8-46E6-8D28-AFDE6D14A871}.Release|x64.Build.0 = Release|x64
		{18863AC3-4DD8-46E6-8D28-AFDE6D14A871}.Release|x64.Deploy.0 = Release|x64
		{18863AC3-4DD8-46E6-8D28-AFDE6D14A871}.Release|x86.ActiveCfg = Release|x86
		{18863AC3-4DD8-46E6-8D28-AFDE6D14A871}.Release|x86.Build.0 = Release|x86
		{18863AC3-4DD8-46E6-8D28-AFDE6D14A871}.Release|x86.Deploy.0 = Release|x86
		{F5EB1A9A-289F-459E-8308-8E1851F04A3E}.Debug|ARM.ActiveCfg = Debug|ARM
		{F5EB1A9A-289F-459E-8308-8E1851F04A3E}.Debug|ARM.Build.0 = Debug|ARM
		{F5EB1A9A-289F-459E-8308-8E1851F04A3E}.Debug|ARM.Deploy.0 = Debug|ARM
		{F5EB1A9A-289F-459E-8308-8E1851F04A3E}.Debug|ARM64.ActiveCfg = Debug|ARM64
		{F5EB1A9A-289F-459E-8308-8E1851F04A3E}.Debug|ARM64.Build.0 = Debug|ARM64
		{F5EB1A9A-289F-459E-8308-8E1851F04A3E}.Debug|ARM64.Deploy.0 = Debug|ARM64
		{F5EB1A9A-289F-459E-8308-8E1851F04A3E}.Debug|x64.ActiveCfg = Debug|x64
		{F5EB1A9A-289F-459E-8308-8E1851F04A3E}.Debug|x64.Build.0 = Debug|x64
		{F5EB1A9A-289F-459E-8308-8E1851F04A3E}.Debug|x64.Deploy.0 = Debug|x64
		{F5EB1A9A-289F-459E-8308-8E1851F04A3E}.Debug|x86.ActiveCfg = Debug|x86
		{F5EB1A9A-289F-459E-8308-8E1851F04A3E}.Debug|x86.Build.0 = Debug|x86
		{F5EB1A9A-289F-459E-8308-8E1851F04A3E}.Debug|x86.Deploy.0 = Debug|x86
		{F5EB1A9A-289F-459E-8308-8E1851F04A3E}.Release|ARM.ActiveCfg = Release|ARM
		{F5EB1A9A-289F-459E-8308-8E1851F04A3E}.Release|ARM.Build.0 = Release|ARM
		{F5EB1A9A-289F-459E-8308-8E1851F04A3E}.Release|ARM.Deploy.0 = Release|ARM
		{F5EB1A9A-289F-459E-8308-8E1851F04A3E}.Release|ARM64.ActiveCfg = Release|ARM64
		{F5EB1A9A-289F-459E-8308-8E1851F04A3E}.Release|ARM64.Build.0 = Release|ARM64
		{F5EB1A9A-289F-459E-8308-8E1851F04A3E}.Release|ARM64.Deploy.0 = Release|ARM64
		{F5EB1A9A-289F-459E-8308-8E1851F04A3E}.Release|x64.ActiveCfg = Release|x64
		{F5EB1A9A-289F-459E-8308-8E1851F04A3E}.Release|x64.Build.0 = Release|x64
		{F5EB1A9A-289F-459E-8308-8E1851F04A3E}.Release|x64.Deploy.0 = Release|x64
		{F5EB1A9A-289F-459E-8308-8E1851F04A3E}.Release|x86.ActiveCfg = Release|x86
		{F5EB1A9A-289F-459E-8308-8E1851F04A3E}.Release|x86.Build.0 = Release|x86
		{F5EB1A9A-289F-459E-8308-8E1851F04A3E}.Release|x86.Deploy.0 = Release|x86
		{DA19D96E-89DB-4D9C-BC12-3557D993F33B}.Debug|ARM.ActiveCfg = Debug|ARM
		{DA19D96E-89DB-4D9C-BC12-3557D993F33B}.Debug|ARM.Build.0 = Debug|ARM
		{DA19D96E-89DB-4D9C-BC12-3557D993F33B}.Debug|ARM.Deploy.0 = Debug|ARM
		{DA19D96E-89DB-4D9C-BC12-3557D993F33B}.Debug|ARM64.ActiveCfg = Debug|ARM64
		{DA19D96E-89DB-4D9C-BC12-3557D993F33B}.Debug|ARM64.Build.0 = Debug|ARM64
		{DA19D96E-89DB-4D9C-BC12-3557D993F33B}.Debug|ARM64.Deploy.0 = Debug|ARM64
		{DA19D96E-89DB-4D9C-BC12-3557D993F33B}.Debug|x64.ActiveCfg = Debug|x64
		{DA19D96E-89DB-4D9C-BC12-3557D993F33B}.Debug|x64.Build.0 = Debug|x64
		{DA19D96E-89DB-4D9C-BC12-3557D993F33B}.Debug|x64.Deploy.0 = Debug|x64
		{DA19D96E-89DB-4D9C-BC12-3557D993F33B}.Debug|x86.ActiveCfg = Debug|x86
		{DA19D96E-89DB-4D9C-BC12-3557D993F33B}.Debug|x86.Build.0 = Debug|x86
		{DA19D96E-89DB-4D9C-BC12-3557D993F33B}.Debug|x86.Deploy.0 = Debug|x86
		{DA19D96E-89DB-4D9C-BC12-3557D993F33B}.Release|ARM.ActiveCfg = Release|ARM
		{DA19D96E-89DB-4D9C-BC12-3557D993F33B}.Release|ARM.Build.0 = Release|ARM
		{DA19D96E-89DB-4D9C-BC12-3557D993F33B}.Release|ARM.Deploy.0 = Release|ARM
		{DA19D96E-89DB-4D9C-BC12-3557D993F33B}.Release|ARM64.ActiveCfg = Release|ARM64
		{DA19D96E-89DB-4D9C-BC12-3557D993F33B}.Release|ARM64.Build.0 = Release|ARM64
		{DA19D96E-89DB-4D9C-BC12-3557D993F33B}.Release|ARM64.Deploy.0 = Release|ARM64
		{DA19D96E-89DB-4D9C-BC12-3557D993F33B}.Release|x64.ActiveCfg = Release|x64
		{DA19D96E-89DB-4D9C-BC12-3557D993F33B}.Release|x64.Build.0 = Release|x64
		{DA19D96E-89DB-4D9C-BC12-3557D993F33B}.Release|x64.Deploy.0 = Release|x64
		{DA19D96E-89DB-4D9C-BC12-3557D993F33B}.Release|x86.ActiveCfg = Release|x86
		{DA19D96E-89DB-4D9C-BC12-3557D993F33B}.Release|x86.Build.0 = Release|x86
		{DA19D96E-89DB-4D9C-BC12-3557D993F33B}.Release|x86.Deploy.0 = Release|x86
		{6420D5D6-1537-4F15-B5A4-AE3BFF140FFE}.Debug|ARM.ActiveCfg = Debug|ARM
		{6420D5D6-1537-4F15-B5A4-AE3BFF140FFE}.Debug|ARM.Build.0 = Debug|ARM
		{6420D5D6-1537-4F15-B5A4-AE3BFF140FFE}.Debug|ARM.Deploy.0 = Debug|ARM
		{6420D5D6-1537-4F15-B5A4-AE3BFF140FFE}.Debug|ARM64.ActiveCfg = Debug|ARM64
		{6420D5D6-1537-4F15-B5A4-AE3BFF140FFE}.Debug|ARM64.Build.0 = Debug|ARM64
		{6420D5D6-1537-4F15-B5A4-AE3BFF140FFE}.Debug|ARM64.Deploy.0 = Debug|ARM64
		{6420D5D6-1537-4F15-B5A4-AE3BFF140FFE}.Debug|x64.ActiveCfg = Debug|x64
		{6420D5D6-1537-4F15-B5A4-AE3BFF140FFE}.Debug|x64.Build.0 = Debug|x64
		{6420D5D6-1537-4F15-B5A4-AE3BFF140FFE}.Debug|x64.Deploy.0 = Debug|x64
		{6420D5D6-1537-4F15-B5A4-AE3BFF140FFE}.Debug|x86.ActiveCfg = Debug|x86
		{6420D5D6-1537-4F15-B5A4-AE3BFF140FFE}.Debug|x86.Build.0 = Debug|x86
		{6420D5D6-1537-4F15-B5A4-AE3BFF140FFE}.Debug|x86.Deploy.0 = Debug|x86
		{6420D5D6-1537-4F15-B5A4-AE3BFF140FFE}.Release|ARM.ActiveCfg = Release|ARM
		{6420D5D6-1537-4F15-B5A4-AE3BFF140FFE}.Release|ARM.Build.0 = Release|ARM
		{6420D5D6-1537-4F15-B5A4-AE3BFF140FFE}.Release|ARM.Deploy.0 = Release|ARM
		{6420D5D6-1537-4F15-B5A4-AE3BFF140FFE}.Release|ARM64.ActiveCfg = Release|ARM64
		{6420D5D6-1537-4F15-B5A4-AE3BFF140FFE}.Release|ARM64.Build.0 = Release|ARM64
		{6420D5D6-1537-4F15-B5A4-AE3BFF140FFE}.Release|ARM64.Deploy.0 = Release|ARM64
		{6420D5D6-1537-4F15-B5A4-AE3BFF140FFE}.Release|x64.ActiveCfg = Release|x64
		{6420D5D6-1537-4F15-B5A4-AE3BFF140FFE}.Release|x64.Build.0 = Release|x64
		{6420D5D6-1537-4F15-B5A4-AE3BFF140FFE}.Release|x64.Deploy.0 = Release|x64
		{6420D5D6-1537-4F15-B5A4-AE3BFF140FFE}.Release|x86.ActiveCfg = Release|x86
		{6420D5D6-1537-4F15-B5A4-AE3BFF140FFE}.Release|x86.Build.0 = Release|x86
		{6420D5D6-1537-4F15-B5A4-AE3BFF140FFE}.Release|x86.Deploy.0 = Release|x86
	EndGlobalSection
	GlobalSection(SolutionProperties) = preSolution
		HideSolutionNode = FALSE
	EndGlobalSection
	GlobalSection(ExtensibilityGlobals) = postSolution
		SolutionGuid = {49230C08-8834-4062-9066-BF9A6D2B1C52}
	EndGlobalSection
EndGlobal
